
Microsoft Visual Studio Solution File, Format Version 12.00
# Visual Studio Version 17
VisualStudioVersion = 17.7.34031.279
MinimumVisualStudioVersion = 10.0.40219.1
Project("{FAE04EC0-301F-11D3-BF4B-00C04F79EFBC}") = "HelloWorld22", "HelloWorld22\HelloWorld22.csproj", "{FACFDCC1-EDC6-43A7-989C-E00019F7D975}"
EndProject
Global
	GlobalSection(SolutionConfigurationPlatforms) = preSolution
		Debug|Any CPU = Debug|Any CPU
		Release|Any CPU = Release|Any CPU
	EndGlobalSection
	GlobalSection(ProjectConfigurationPlatforms) = postSolution
		{FACFDCC1-EDC6-43A7-989C-E00019F7D975}.Debug|Any CPU.ActiveCfg = Debug|Any CPU
		{FACFDCC1-EDC6-43A7-989C-E00019F7D975}.Debug|Any CPU.Build.0 = Debug|Any CPU
		{FACFDCC1-EDC6-43A7-989C-E00019F7D975}.Release|Any CPU.ActiveCfg = Release|Any CPU
		{FACFDCC1-EDC6-43A7-989C-E00019F7D975}.Release|Any CPU.Build.0 = Release|Any CPU
	EndGlobalSection
	GlobalSection(SolutionProperties) = preSolution
		HideSolutionNode = FALSE
	EndGlobalSection
	GlobalSection(ExtensibilityGlobals) = postSolution
		SolutionGuid = {69AB90DC-4628-4097-8B82-5CEAE6F0D817}
	EndGlobalSection
EndGlobal
